lockVersion: 2.0.0
id: 14ad660b-1b20-4e74-9900-f561baa97606
management:
  docChecksum: 2d5ec1c6a1173c1c2e5647d028e4e6c5
  docVersion: "2023-06-01"
  speakeasyVersion: 1.645.1
  generationVersion: 2.735.1
  releaseVersion: 0.1.0
  configChecksum: d0065fdccd3deff89b379a47015e1e22
  repoURL: https://github.com/latitudesh/latitudesh-mcp.git
  published: true
features:
  mcp-typescript:
    additionalDependencies: 0.1.0
    constsAndDefaults: 0.1.0
    core: 0.7.1
    defaultEnabledRetries: 0.1.0
    deprecations: 0.1.0
    enumUnions: 0.1.0
    globalSecurity: 0.1.1
    globalSecurityCallbacks: 0.0.0
    globalServerURLs: 0.1.1
    nameOverrides: 0.1.0
    responseFormat: 0.1.0
    retries: 0.1.0
    sdkHooks: 0.2.0
generatedFiles:
  - .dxtignore
  - .gitattributes
  - .npmignore
  - eslint.config.mjs
  - manifest.json
  - package.json
  - src/core.ts
  - src/funcs/apiKeysCreate.ts
  - src/funcs/apiKeysDelete.ts
  - src/funcs/apiKeysList.ts
  - src/funcs/apiKeysUpdate.ts
  - src/funcs/billingListUsage.ts
  - src/funcs/eventsList.ts
  - src/funcs/firewallsAssignmentsCreate.ts
  - src/funcs/firewallsCreate.ts
  - src/funcs/firewallsDelete.ts
  - src/funcs/firewallsDeleteAssignment.ts
  - src/funcs/firewallsGet.ts
  - src/funcs/firewallsGetAllFirewallAssignments.ts
  - src/funcs/firewallsList.ts
  - src/funcs/firewallsListAssignments.ts
  - src/funcs/firewallsUpdate.ts
  - src/funcs/ipAddressesGet.ts
  - src/funcs/ipAddressesList.ts
  - src/funcs/operatingSystemsListPlans.ts
  - src/funcs/plansGet.ts
  - src/funcs/plansGetBandwidth.ts
  - src/funcs/plansGetContainersPlan.ts
  - src/funcs/plansList.ts
  - src/funcs/plansListStorage.ts
  - src/funcs/plansUpdateBandwidth.ts
  - src/funcs/plansVmList.ts
  - src/funcs/privateNetworksAssign.ts
  - src/funcs/privateNetworksCreate.ts
  - src/funcs/privateNetworksDeleteAssignment.ts
  - src/funcs/privateNetworksGet.ts
  - src/funcs/privateNetworksList.ts
  - src/funcs/privateNetworksListAssignments.ts
  - src/funcs/privateNetworksUpdate.ts
  - src/funcs/projectsCreate.ts
  - src/funcs/projectsDelete.ts
  - src/funcs/projectsList.ts
  - src/funcs/projectsSshKeysPostProjectSshKey.ts
  - src/funcs/projectsUpdate.ts
  - src/funcs/regionsFetch.ts
  - src/funcs/regionsGet.ts
  - src/funcs/rolesGet.ts
  - src/funcs/rolesList.ts
  - src/funcs/serversCreate.ts
  - src/funcs/serversCreateIpmiSession.ts
  - src/funcs/serversDelete.ts
  - src/funcs/serversExitRescueMode.ts
  - src/funcs/serversGet.ts
  - src/funcs/serversGetDeployConfig.ts
  - src/funcs/serversGetOutOfBand.ts
  - src/funcs/serversList.ts
  - src/funcs/serversLock.ts
  - src/funcs/serversReinstall.ts
  - src/funcs/serversRunAction.ts
  - src/funcs/serversScheduleDeletion.ts
  - src/funcs/serversStartOutOfBandConnection.ts
  - src/funcs/serversStartRescueMode.ts
  - src/funcs/serversUnlock.ts
  - src/funcs/serversUnscheduleDeletion.ts
  - src/funcs/serversUpdate.ts
  - src/funcs/serversUpdateDeployConfig.ts
  - src/funcs/sshKeysCreate.ts
  - src/funcs/sshKeysDelete.ts
  - src/funcs/sshKeysGet.ts
  - src/funcs/sshKeysList.ts
  - src/funcs/sshKeysListAll.ts
  - src/funcs/sshKeysModifyProjectKey.ts
  - src/funcs/sshKeysRemoveFromProject.ts
  - src/funcs/sshKeysRetrieve.ts
  - src/funcs/sshKeysUpdate.ts
  - src/funcs/storageCreateFilesystem.ts
  - src/funcs/storageDeleteFilesystem.ts
  - src/funcs/storageDeleteStorageVolumes.ts
  - src/funcs/storageGetStorageVolume.ts
  - src/funcs/storageGetStorageVolumes.ts
  - src/funcs/storageListFilesystems.ts
  - src/funcs/storagePostStorageVolumes.ts
  - src/funcs/storagePostStorageVolumesMount.ts
  - src/funcs/storageUpdateFilesystem.ts
  - src/funcs/tagsCreate.ts
  - src/funcs/tagsDelete.ts
  - src/funcs/tagsList.ts
  - src/funcs/tagsUpdate.ts
  - src/funcs/teamMembersDelete.ts
  - src/funcs/teamMembersPostTeamMembers.ts
  - src/funcs/teamsCreate.ts
  - src/funcs/teamsGet.ts
  - src/funcs/teamsMembersGetTeamMembers.ts
  - src/funcs/teamsUpdate.ts
  - src/funcs/trafficGet.ts
  - src/funcs/trafficGetQuota.ts
  - src/funcs/userDataCreate.ts
  - src/funcs/userDataCreateNew.ts
  - src/funcs/userDataDelete.ts
  - src/funcs/userDataDeleteProjectUserData.ts
  - src/funcs/userDataGetProjectUserData.ts
  - src/funcs/userDataGetProjectUsersData.ts
  - src/funcs/userDataList.ts
  - src/funcs/userDataRetrieve.ts
  - src/funcs/userDataUpdate.ts
  - src/funcs/userDataUpdateForProject.ts
  - src/funcs/userProfileGet.ts
  - src/funcs/userProfileListTeams.ts
  - src/funcs/userProfileUpdate.ts
  - src/funcs/virtualMachinesCreate.ts
  - src/funcs/virtualMachinesCreateVirtualMachineAction.ts
  - src/funcs/virtualMachinesDelete.ts
  - src/funcs/virtualMachinesGet.ts
  - src/funcs/virtualMachinesList.ts
  - src/funcs/virtualNetworksDelete.ts
  - src/funcs/vpnSessionsCreate.ts
  - src/funcs/vpnSessionsDelete.ts
  - src/funcs/vpnSessionsList.ts
  - src/funcs/vpnSessionsRefreshPassword.ts
  - src/hooks/hooks.ts
  - src/hooks/types.ts
  - src/lib/base64.ts
  - src/lib/config.ts
  - src/lib/dlv.ts
  - src/lib/encodings.ts
  - src/lib/env.ts
  - src/lib/files.ts
  - src/lib/http.ts
  - src/lib/is-plain-object.ts
  - src/lib/logger.ts
  - src/lib/matchers.ts
  - src/lib/primitives.ts
  - src/lib/result.ts
  - src/lib/retries.ts
  - src/lib/schemas.ts
  - src/lib/sdks.ts
  - src/lib/security.ts
  - src/lib/url.ts
  - src/mcp-server/build.mts
  - src/mcp-server/cli.ts
  - src/mcp-server/cli/start/command.ts
  - src/mcp-server/cli/start/impl.ts
  - src/mcp-server/console-logger.ts
  - src/mcp-server/extensions.ts
  - src/mcp-server/mcp-server.ts
  - src/mcp-server/prompts.ts
  - src/mcp-server/resources.ts
  - src/mcp-server/scopes.ts
  - src/mcp-server/server.ts
  - src/mcp-server/shared.ts
  - src/mcp-server/tools.ts
  - src/mcp-server/tools/apiKeysCreate.ts
  - src/mcp-server/tools/apiKeysDelete.ts
  - src/mcp-server/tools/apiKeysList.ts
  - src/mcp-server/tools/apiKeysUpdate.ts
  - src/mcp-server/tools/billingListUsage.ts
  - src/mcp-server/tools/eventsList.ts
  - src/mcp-server/tools/firewallsAssignmentsCreate.ts
  - src/mcp-server/tools/firewallsCreate.ts
  - src/mcp-server/tools/firewallsDelete.ts
  - src/mcp-server/tools/firewallsDeleteAssignment.ts
  - src/mcp-server/tools/firewallsGet.ts
  - src/mcp-server/tools/firewallsGetAllFirewallAssignments.ts
  - src/mcp-server/tools/firewallsList.ts
  - src/mcp-server/tools/firewallsListAssignments.ts
  - src/mcp-server/tools/firewallsUpdate.ts
  - src/mcp-server/tools/ipAddressesGet.ts
  - src/mcp-server/tools/ipAddressesList.ts
  - src/mcp-server/tools/operatingSystemsListPlans.ts
  - src/mcp-server/tools/plansGet.ts
  - src/mcp-server/tools/plansGetBandwidth.ts
  - src/mcp-server/tools/plansGetContainersPlan.ts
  - src/mcp-server/tools/plansList.ts
  - src/mcp-server/tools/plansListStorage.ts
  - src/mcp-server/tools/plansUpdateBandwidth.ts
  - src/mcp-server/tools/plansVmList.ts
  - src/mcp-server/tools/privateNetworksAssign.ts
  - src/mcp-server/tools/privateNetworksCreate.ts
  - src/mcp-server/tools/privateNetworksDeleteAssignment.ts
  - src/mcp-server/tools/privateNetworksGet.ts
  - src/mcp-server/tools/privateNetworksList.ts
  - src/mcp-server/tools/privateNetworksListAssignments.ts
  - src/mcp-server/tools/privateNetworksUpdate.ts
  - src/mcp-server/tools/projectsCreate.ts
  - src/mcp-server/tools/projectsDelete.ts
  - src/mcp-server/tools/projectsList.ts
  - src/mcp-server/tools/projectsSshKeysPostProjectSshKey.ts
  - src/mcp-server/tools/projectsUpdate.ts
  - src/mcp-server/tools/regionsFetch.ts
  - src/mcp-server/tools/regionsGet.ts
  - src/mcp-server/tools/rolesGet.ts
  - src/mcp-server/tools/rolesList.ts
  - src/mcp-server/tools/serversCreate.ts
  - src/mcp-server/tools/serversCreateIpmiSession.ts
  - src/mcp-server/tools/serversDelete.ts
  - src/mcp-server/tools/serversExitRescueMode.ts
  - src/mcp-server/tools/serversGet.ts
  - src/mcp-server/tools/serversGetDeployConfig.ts
  - src/mcp-server/tools/serversGetOutOfBand.ts
  - src/mcp-server/tools/serversList.ts
  - src/mcp-server/tools/serversLock.ts
  - src/mcp-server/tools/serversReinstall.ts
  - src/mcp-server/tools/serversRunAction.ts
  - src/mcp-server/tools/serversScheduleDeletion.ts
  - src/mcp-server/tools/serversStartOutOfBandConnection.ts
  - src/mcp-server/tools/serversStartRescueMode.ts
  - src/mcp-server/tools/serversUnlock.ts
  - src/mcp-server/tools/serversUnscheduleDeletion.ts
  - src/mcp-server/tools/serversUpdate.ts
  - src/mcp-server/tools/serversUpdateDeployConfig.ts
  - src/mcp-server/tools/sshKeysCreate.ts
  - src/mcp-server/tools/sshKeysDelete.ts
  - src/mcp-server/tools/sshKeysGet.ts
  - src/mcp-server/tools/sshKeysList.ts
  - src/mcp-server/tools/sshKeysListAll.ts
  - src/mcp-server/tools/sshKeysModifyProjectKey.ts
  - src/mcp-server/tools/sshKeysRemoveFromProject.ts
  - src/mcp-server/tools/sshKeysRetrieve.ts
  - src/mcp-server/tools/sshKeysUpdate.ts
  - src/mcp-server/tools/storageCreateFilesystem.ts
  - src/mcp-server/tools/storageDeleteFilesystem.ts
  - src/mcp-server/tools/storageDeleteStorageVolumes.ts
  - src/mcp-server/tools/storageGetStorageVolume.ts
  - src/mcp-server/tools/storageGetStorageVolumes.ts
  - src/mcp-server/tools/storageListFilesystems.ts
  - src/mcp-server/tools/storagePostStorageVolumes.ts
  - src/mcp-server/tools/storagePostStorageVolumesMount.ts
  - src/mcp-server/tools/storageUpdateFilesystem.ts
  - src/mcp-server/tools/tagsCreate.ts
  - src/mcp-server/tools/tagsDelete.ts
  - src/mcp-server/tools/tagsList.ts
  - src/mcp-server/tools/tagsUpdate.ts
  - src/mcp-server/tools/teamMembersDelete.ts
  - src/mcp-server/tools/teamMembersPostTeamMembers.ts
  - src/mcp-server/tools/teamsCreate.ts
  - src/mcp-server/tools/teamsGet.ts
  - src/mcp-server/tools/teamsMembersGetTeamMembers.ts
  - src/mcp-server/tools/teamsUpdate.ts
  - src/mcp-server/tools/trafficGet.ts
  - src/mcp-server/tools/trafficGetQuota.ts
  - src/mcp-server/tools/userDataCreate.ts
  - src/mcp-server/tools/userDataCreateNew.ts
  - src/mcp-server/tools/userDataDelete.ts
  - src/mcp-server/tools/userDataDeleteProjectUserData.ts
  - src/mcp-server/tools/userDataGetProjectUserData.ts
  - src/mcp-server/tools/userDataGetProjectUsersData.ts
  - src/mcp-server/tools/userDataList.ts
  - src/mcp-server/tools/userDataRetrieve.ts
  - src/mcp-server/tools/userDataUpdate.ts
  - src/mcp-server/tools/userDataUpdateForProject.ts
  - src/mcp-server/tools/userProfileGet.ts
  - src/mcp-server/tools/userProfileListTeams.ts
  - src/mcp-server/tools/userProfileUpdate.ts
  - src/mcp-server/tools/virtualMachinesCreate.ts
  - src/mcp-server/tools/virtualMachinesCreateVirtualMachineAction.ts
  - src/mcp-server/tools/virtualMachinesDelete.ts
  - src/mcp-server/tools/virtualMachinesGet.ts
  - src/mcp-server/tools/virtualMachinesList.ts
  - src/mcp-server/tools/virtualNetworksDelete.ts
  - src/mcp-server/tools/vpnSessionsCreate.ts
  - src/mcp-server/tools/vpnSessionsDelete.ts
  - src/mcp-server/tools/vpnSessionsList.ts
  - src/mcp-server/tools/vpnSessionsRefreshPassword.ts
  - src/models/apikey.ts
  - src/models/assignservervirtualnetworkop.ts
  - src/models/bandwidthpackages.ts
  - src/models/bandwidthplandata.ts
  - src/models/bandwidthplans.ts
  - src/models/billingusage.ts
  - src/models/containerplandata.ts
  - src/models/createapikey.ts
  - src/models/createfirewallassignmentop.ts
  - src/models/createfirewallop.ts
  - src/models/createipmisessionop.ts
  - src/models/createprojectop.ts
  - src/models/createserveractionop.ts
  - src/models/createserverop.ts
  - src/models/createserveroutofbandop.ts
  - src/models/createserverreinstallop.ts
  - src/models/createtagop.ts
  - src/models/createvirtualmachineactionop.ts
  - src/models/createvirtualmachineop.ts
  - src/models/createvirtualnetworkop.ts
  - src/models/customtag.ts
  - src/models/customtagdata.ts
  - src/models/customtags.ts
  - src/models/deleteapikeyop.ts
  - src/models/deletefirewallassignmentop.ts
  - src/models/deletefirewallop.ts
  - src/models/deleteprojectop.ts
  - src/models/deleteprojectsshkeyop.ts
  - src/models/deleteprojectuserdataop.ts
  - src/models/deletesshkeyop.ts
  - src/models/deletestoragefilesystemsop.ts
  - src/models/deletestoragevolumesop.ts
  - src/models/deleteuserdataop.ts
  - src/models/deletevirtualnetworksassignmentsop.ts
  - src/models/deletevpnsessionop.ts
  - src/models/deployconfig.ts
  - src/models/destroyserverop.ts
  - src/models/destroytagop.ts
  - src/models/destroyteammemberop.ts
  - src/models/destroyvirtualmachineop.ts
  - src/models/destroyvirtualnetworkop.ts
  - src/models/errors/apierror.ts
  - src/models/errors/httpclienterrors.ts
  - src/models/errors/sdkvalidationerror.ts
  - src/models/eventdata.ts
  - src/models/events.ts
  - src/models/filesystemdata.ts
  - src/models/firewall.ts
  - src/models/firewallassignmentdata.ts
  - src/models/firewallassignments.ts
  - src/models/firewalldata.ts
  - src/models/firewalls.ts
  - src/models/firewallserver.ts
  - src/models/getallfirewallassignmentsop.ts
  - src/models/getapikeysop.ts
  - src/models/getbandwidthplansop.ts
  - src/models/getbillingusageop.ts
  - src/models/getcontainersplanop.ts
  - src/models/geteventsop.ts
  - src/models/getfirewallassignmentsop.ts
  - src/models/getfirewallop.ts
  - src/models/getipop.ts
  - src/models/getipsop.ts
  - src/models/getplanop.ts
  - src/models/getplansop.ts
  - src/models/getplansoperatingsystemop.ts
  - src/models/getprojectsop.ts
  - src/models/getprojectsshkeyop.ts
  - src/models/getprojectsshkeysop.ts
  - src/models/getprojectuserdataop.ts
  - src/models/getprojectusersdataop.ts
  - src/models/getregionop.ts
  - src/models/getregionsop.ts
  - src/models/getroleidop.ts
  - src/models/getrolesop.ts
  - src/models/getserverdeployconfigop.ts
  - src/models/getserverop.ts
  - src/models/getserveroutofbandop.ts
  - src/models/getserversop.ts
  - src/models/getsshkeyop.ts
  - src/models/getsshkeysop.ts
  - src/models/getstoragefilesystemsop.ts
  - src/models/getstorageplansop.ts
  - src/models/getstoragevolumeop.ts
  - src/models/getstoragevolumesop.ts
  - src/models/gettagsop.ts
  - src/models/getteammembersop.ts
  - src/models/getteamop.ts
  - src/models/gettrafficconsumptionop.ts
  - src/models/gettrafficquotaop.ts
  - src/models/getuserdataop.ts
  - src/models/getuserprofileop.ts
  - src/models/getusersdataop.ts
  - src/models/getuserteamsop.ts
  - src/models/getvirtualnetworkop.ts
  - src/models/getvirtualnetworksassignmentsop.ts
  - src/models/getvirtualnetworksop.ts
  - src/models/getvmplansop.ts
  - src/models/getvpnsessionsop.ts
  - src/models/indexvirtualmachineop.ts
  - src/models/ipaddress.ts
  - src/models/ipaddresses.ts
  - src/models/ipmisession.ts
  - src/models/listfirewallsop.ts
  - src/models/membership.ts
  - src/models/operatingsystemdata.ts
  - src/models/operatingsystems.ts
  - src/models/outofbandconnection.ts
  - src/models/patchcurrentteamop.ts
  - src/models/patchstoragefilesystemsop.ts
  - src/models/patchuserdataop.ts
  - src/models/patchuserprofileop.ts
  - src/models/plan.ts
  - src/models/plandata.ts
  - src/models/postapikeyop.ts
  - src/models/postprojectsshkeyop.ts
  - src/models/postprojectuserdataop.ts
  - src/models/postsshkeyop.ts
  - src/models/poststoragefilesystemsop.ts
  - src/models/poststoragevolumesmountop.ts
  - src/models/poststoragevolumesop.ts
  - src/models/postteammembersop.ts
  - src/models/postteamop.ts
  - src/models/postuserdataop.ts
  - src/models/postvpnsessionop.ts
  - src/models/project.ts
  - src/models/projectinclude.ts
  - src/models/projects.ts
  - src/models/putprojectsshkeyop.ts
  - src/models/putprojectuserdataop.ts
  - src/models/putsshkeyop.ts
  - src/models/putvpnsessionop.ts
  - src/models/region.ts
  - src/models/regionresourcedata.ts
  - src/models/regions.ts
  - src/models/role.ts
  - src/models/roledata.ts
  - src/models/security.ts
  - src/models/server.ts
  - src/models/serveraction.ts
  - src/models/serverdata.ts
  - src/models/serverexitrescuemodeop.ts
  - src/models/serverlockop.ts
  - src/models/serverregionresourcedata.ts
  - src/models/serverrescue.ts
  - src/models/servers.ts
  - src/models/serverscheduledeletion.ts
  - src/models/serverscheduledeletionop.ts
  - src/models/serverstartrescuemodeop.ts
  - src/models/serverunlockop.ts
  - src/models/serverunscheduledeletionop.ts
  - src/models/showvirtualmachineop.ts
  - src/models/sshkeydata.ts
  - src/models/sshkeys.ts
  - src/models/storageplandata.ts
  - src/models/storageplans.ts
  - src/models/team.ts
  - src/models/teaminclude.ts
  - src/models/teammembers.ts
  - src/models/teams.ts
  - src/models/traffic.ts
  - src/models/trafficquota.ts
  - src/models/updateapikey.ts
  - src/models/updateapikeyop.ts
  - src/models/updatefirewallop.ts
  - src/models/updateplansbandwidthop.ts
  - src/models/updateprojectop.ts
  - src/models/updateserverdeployconfigop.ts
  - src/models/updateserverop.ts
  - src/models/updatetagop.ts
  - src/models/updatevirtualnetworkop.ts
  - src/models/user.ts
  - src/models/userdata.ts
  - src/models/userdataproperties.ts
  - src/models/userinclude.ts
  - src/models/userteam.ts
  - src/models/userteams.ts
  - src/models/userupdate.ts
  - src/models/virtualmachine.ts
  - src/models/virtualmachineattributes.ts
  - src/models/virtualmachinepayload.ts
  - src/models/virtualmachineplans.ts
  - src/models/virtualnetwork.ts
  - src/models/virtualnetworkassignment.ts
  - src/models/virtualnetworkassignmentdata.ts
  - src/models/virtualnetworkassignments.ts
  - src/models/virtualnetworkdata.ts
  - src/models/virtualnetworks.ts
  - src/models/volumedata.ts
  - src/models/vpnsessiondatawithpassword.ts
  - src/models/vpnsessionwithpassword.ts
  - src/types/async.ts
  - src/types/blobs.ts
  - src/types/enums.ts
  - src/types/fp.ts
  - src/types/rfcdate.ts
  - src/types/streams.ts
  - tsconfig.json
examplesVersion: 1.0.2
releaseNotes: |
  ## Mcp-typescript SDK Changes Detected:
  * `Latitudesh.privateNetworks.list()`:  `response.data.[].attributes` **Changed**
  * `Latitudesh.privateNetworks.create()`:  `response.data.attributes` **Changed**
  * `Latitudesh.privateNetworks.get()`:  `response.data.data.attributes` **Changed**
  * `Latitudesh.privateNetworks.update()`:  `response.data.attributes` **Changed**
