speakeasyVersion: 1.768.2
sources:
    Latitudesh-OAS:
        sourceNamespace: latitudesh-oas
        sourceRevisionDigest: sha256:fd0c2a86fd8ed08a33df1b67c3301e194238c361ccfa0c23bf383d3e99e2cee6
        sourceBlobDigest: sha256:237aa90de4a9dc2a65b61334e5b54465bd256e7b0a2a71d4510915da4b0a093e
        tags:
            - latest
targets:
    latitudesh:
        source: Latitudesh-OAS
        sourceNamespace: latitudesh-oas
        sourceRevisionDigest: sha256:fd0c2a86fd8ed08a33df1b67c3301e194238c361ccfa0c23bf383d3e99e2cee6
        sourceBlobDigest: sha256:237aa90de4a9dc2a65b61334e5b54465bd256e7b0a2a71d4510915da4b0a093e
workflow:
    workflowVersion: 1.0.0
    speakeasyVersion: latest
    sources:
        Latitudesh-OAS:
            inputs:
                - location: registry.speakeasyapi.dev/latitude/latitude/latitudesh-oas:main
            output: .speakeasy/out.openapi.yaml
            registry:
                location: registry.speakeasyapi.dev/latitude/latitude/latitudesh-oas
    targets:
        latitudesh:
            target: mcp-typescript
            source: Latitudesh-OAS
            publish:
                npm:
                    token: $npm_token
