speakeasyVersion: 1.796.4
sources:
    Latitudesh-OAS:
        sourceNamespace: latitudesh-oas
        sourceRevisionDigest: sha256:d75d264a3503f10450fbd55020a153a3f675d0d7c5d8f313e348b2bd1d632e0c
        sourceBlobDigest: sha256:872c394b2efc152757695ba3d1899fd3752b9eaaf650ffd7c56636d700ddd88f
        tags:
            - latest
            - "2023-06-01"
targets:
    latitudesh:
        source: Latitudesh-OAS
        sourceNamespace: latitudesh-oas
        sourceRevisionDigest: sha256:d75d264a3503f10450fbd55020a153a3f675d0d7c5d8f313e348b2bd1d632e0c
        sourceBlobDigest: sha256:872c394b2efc152757695ba3d1899fd3752b9eaaf650ffd7c56636d700ddd88f
workflow:
    workflowVersion: 1.0.0
    speakeasyVersion: latest
    sources:
        Latitudesh-OAS:
            inputs:
                - location: registry.speakeasyapi.dev/latitude/latitude/latitudesh-oas:main
            overlays:
                - location: .speakeasy/mcp-naming-overlay.yaml
            output: .speakeasy/out.openapi.yaml
            registry:
                location: registry.speakeasyapi.dev/latitude/latitude/latitudesh-oas
    targets:
        latitudesh:
            target: mcp-typescript
            source: Latitudesh-OAS
            publish:
                npm:
                    token: $npm_token
