speakeasyVersion: 1.790.2
sources:
    Latitudesh-OAS:
        sourceNamespace: latitudesh-oas
        sourceRevisionDigest: sha256:e8a887b24acaf072f7f889a44c83491e64157509f33eeb158bfa0922459cdb40
        sourceBlobDigest: sha256:d6a9990ba504f7d97833a14bf81d0afd1aace335369af1c5be7a513d2214e989
        tags:
            - latest
            - "2023-06-01"
targets:
    latitudesh:
        source: Latitudesh-OAS
        sourceNamespace: latitudesh-oas
        sourceRevisionDigest: sha256:e8a887b24acaf072f7f889a44c83491e64157509f33eeb158bfa0922459cdb40
        sourceBlobDigest: sha256:d6a9990ba504f7d97833a14bf81d0afd1aace335369af1c5be7a513d2214e989
workflow:
    workflowVersion: 1.0.0
    speakeasyVersion: latest
    sources:
        Latitudesh-OAS:
            inputs:
                - location: registry.speakeasyapi.dev/latitude/latitude/latitudesh-oas:main
            overlays:
                - location: .speakeasy/mcp-naming-overlay.yaml
            output: .speakeasy/out.openapi.yaml
            registry:
                location: registry.speakeasyapi.dev/latitude/latitude/latitudesh-oas
    targets:
        latitudesh:
            target: mcp-typescript
            source: Latitudesh-OAS
            publish:
                npm:
                    token: $npm_token
